// !$*UTF8*$!
{
	archiveVersion = 1;
	classes = {
	};
	objectVersion = 50;
	objects = {

/* Begin PBXBuildFile section */
		1B9A3DAB32AF6F92B4E02843 /* Pods_iFlex_WORKING.framework in Frameworks */ = {isa = PBXBuildFile; fileRef = 84D7DE545A0849E1E40CDDB2 /* Pods_iFlex_WORKING.framework */; };
		24071D4E21AC72310012426F /* TabBar.storyboard in Resources */ = {isa = PBXBuildFile; fileRef = 24071D4D21AC72310012426F /* TabBar.storyboard */; };
		24071D5021AC7DC70012426F /* AddExercisesVC.swift in Sources */ = {isa = PBXBuildFile; fileRef = 24071D4F21AC7DC70012426F /* AddExercisesVC.swift */; };
		243DCA0221AB5A44009EB608 /* full-workout.txt in Resources */ = {isa = PBXBuildFile; fileRef = 243DCA0121AB5A44009EB608 /* full-workout.txt */; };
		243DCA0421AB5C60009EB608 /* CellContent.swift in Sources */ = {isa = PBXBuildFile; fileRef = 243DCA0321AB5C5F009EB608 /* CellContent.swift */; };
		244A015921AF2CF900DD004A /* UsefulFunctions.swift in Sources */ = {isa = PBXBuildFile; fileRef = 244A015821AF2CF900DD004A /* UsefulFunctions.swift */; };
		245A545621AE4C4F000AAE00 /* PublicWorkouts.plist in Resources */ = {isa = PBXBuildFile; fileRef = 245A545521AE4C4F000AAE00 /* PublicWorkouts.plist */; };
		24AB61F921A4D27B00ACC513 /* AppDelegate.swift in Sources */ = {isa = PBXBuildFile; fileRef = 24AB61F821A4D27B00ACC513 /* AppDelegate.swift */; };
		24AB61FB21A4D27B00ACC513 /* ViewController.swift in Sources */ = {isa = PBXBuildFile; fileRef = 24AB61FA21A4D27B00ACC513 /* ViewController.swift */; };
		24AB620021A4D27C00ACC513 /* Assets.xcassets in Resources */ = {isa = PBXBuildFile; fileRef = 24AB61FF21A4D27C00ACC513 /* Assets.xcassets */; };
		24AB620321A4D27C00ACC513 /* LaunchScreen.storyboard in Resources */ = {isa = PBXBuildFile; fileRef = 24AB620121A4D27C00ACC513 /* LaunchScreen.storyboard */; };
		24AB620E21A4D27C00ACC513 /* iFlex_WORKINGTests.swift in Sources */ = {isa = PBXBuildFile; fileRef = 24AB620D21A4D27C00ACC513 /* iFlex_WORKINGTests.swift */; };
		24AB621921A4D27C00ACC513 /* iFlex_WORKINGUITests.swift in Sources */ = {isa = PBXBuildFile; fileRef = 24AB621821A4D27C00ACC513 /* iFlex_WORKINGUITests.swift */; };
		24AB622721A4D2B300ACC513 /* browseNowScreen.swift in Sources */ = {isa = PBXBuildFile; fileRef = 24AB622621A4D2B300ACC513 /* browseNowScreen.swift */; };
		24AB622921A4D2BA00ACC513 /* Exercise.swift in Sources */ = {isa = PBXBuildFile; fileRef = 24AB622821A4D2BA00ACC513 /* Exercise.swift */; };
		24AB622B21A4D2C200ACC513 /* Favorites.plist in Resources */ = {isa = PBXBuildFile; fileRef = 24AB622A21A4D2C200ACC513 /* Favorites.plist */; };
		24AB622D21A4D2C800ACC513 /* favoritesScreen.swift in Sources */ = {isa = PBXBuildFile; fileRef = 24AB622C21A4D2C800ACC513 /* favoritesScreen.swift */; };
		24AB622F21A4D2D300ACC513 /* LocalDataFunctions.swift in Sources */ = {isa = PBXBuildFile; fileRef = 24AB622E21A4D2D300ACC513 /* LocalDataFunctions.swift */; };
		24AB623121A4D2D900ACC513 /* loginScreen.swift in Sources */ = {isa = PBXBuildFile; fileRef = 24AB623021A4D2D900ACC513 /* loginScreen.swift */; };
		24AB623321A4D2DF00ACC513 /* newUserScreen.swift in Sources */ = {isa = PBXBuildFile; fileRef = 24AB623221A4D2DF00ACC513 /* newUserScreen.swift */; };
		24AB623521A4D2EA00ACC513 /* User.swift in Sources */ = {isa = PBXBuildFile; fileRef = 24AB623421A4D2EA00ACC513 /* User.swift */; };
		24AB623721A4D30200ACC513 /* Workout.swift in Sources */ = {isa = PBXBuildFile; fileRef = 24AB623621A4D30200ACC513 /* Workout.swift */; };
		24AB623921A4D31500ACC513 /* Main.storyboard in Resources */ = {isa = PBXBuildFile; fileRef = 24AB623821A4D31500ACC513 /* Main.storyboard */; };
		24AB623D21A4D32300ACC513 /* createNewWorkout.storyboard in Resources */ = {isa = PBXBuildFile; fileRef = 24AB623C21A4D32200ACC513 /* createNewWorkout.storyboard */; };
		24AB623F21A4D32900ACC513 /* CreateNewViewController.swift in Sources */ = {isa = PBXBuildFile; fileRef = 24AB623E21A4D32800ACC513 /* CreateNewViewController.swift */; };
		28910B46B3DA0866EFFE012C /* Pods_iFlex_WORKINGTests.framework in Frameworks */ = {isa = PBXBuildFile; fileRef = 482A59A985B61D86CEFF82EB /* Pods_iFlex_WORKINGTests.framework */; };
		4A0D8E6434584384B239DD43 /* Pods_iFlex_WORKINGUITests.framework in Frameworks */ = {isa = PBXBuildFile; fileRef = 015CB8447F05136B7174D0EE /* Pods_iFlex_WORKINGUITests.framework */; };
		6897D8C221AFCCE10076F3EB /* FirebaseFunctions.swift in Sources */ = {isa = PBXBuildFile; fileRef = 6897D8C121AFCCE10076F3EB /* FirebaseFunctions.swift */; };
		68CA30CD21B215520012796D /* profileScreen.swift in Sources */ = {isa = PBXBuildFile; fileRef = 68CA30CC21B215520012796D /* profileScreen.swift */; };
		68CA30CE21B215520012796D /* profileScreen.swift in Sources */ = {isa = PBXBuildFile; fileRef = 68CA30CC21B215520012796D /* profileScreen.swift */; };
		68CA30CF21B215520012796D /* profileScreen.swift in Sources */ = {isa = PBXBuildFile; fileRef = 68CA30CC21B215520012796D /* profileScreen.swift */; };
		8806575F21AB96E00009EBE3 /* GoogleService-Info.plist in Resources */ = {isa = PBXBuildFile; fileRef = 8806575E21AB96E00009EBE3 /* GoogleService-Info.plist */; };
		8806576021AB96E00009EBE3 /* GoogleService-Info.plist in Resources */ = {isa = PBXBuildFile; fileRef = 8806575E21AB96E00009EBE3 /* GoogleService-Info.plist */; };
		8806576121AB96E00009EBE3 /* GoogleService-Info.plist in Resources */ = {isa = PBXBuildFile; fileRef = 8806575E21AB96E00009EBE3 /* GoogleService-Info.plist */; };
		9F01E27A21AFD8570066C698 /* FavoriteWorkoutVC.swift in Sources */ = {isa = PBXBuildFile; fileRef = 9F01E27921AFD8570066C698 /* FavoriteWorkoutVC.swift */; };
		9F01E27C21AFD9700066C698 /* ExerciseVC.swift in Sources */ = {isa = PBXBuildFile; fileRef = 9F01E27B21AFD9700066C698 /* ExerciseVC.swift */; };
		9F01E27E21AFDB670066C698 /* WorkoutCell.swift in Sources */ = {isa = PBXBuildFile; fileRef = 9F01E27D21AFDB670066C698 /* WorkoutCell.swift */; };
/* End PBXBuildFile section */

/* Begin PBXContainerItemProxy section */
		24AB620A21A4D27C00ACC513 /* PBXContainerItemProxy */ = {
			isa = PBXContainerItemProxy;
			containerPortal = 24AB61ED21A4D27B00ACC513 /* Project object */;
			proxyType = 1;
			remoteGlobalIDString = 24AB61F421A4D27B00ACC513;
			remoteInfo = "iFlex-WORKING";
		};
		24AB621521A4D27C00ACC513 /* PBXContainerItemProxy */ = {
			isa = PBXContainerItemProxy;
			containerPortal = 24AB61ED21A4D27B00ACC513 /* Project object */;
			proxyType = 1;
			remoteGlobalIDString = 24AB61F421A4D27B00ACC513;
			remoteInfo = "iFlex-WORKING";
		};
/* End PBXContainerItemProxy section */

/* Begin PBXFileReference section */
		015CB8447F05136B7174D0EE /* Pods_iFlex_WORKINGUITests.framework */ = {isa = PBXFileReference; explicitFileType = wrapper.framework; includeInIndex = 0; path = Pods_iFlex_WORKINGUITests.framework; sourceTree = BUILT_PRODUCTS_DIR; };
		24071D4D21AC72310012426F /* TabBar.storyboard */ = {isa = PBXFileReference; fileEncoding = 4; lastKnownFileType = file.storyboard; path = TabBar.storyboard; sourceTree = "<group>"; };
		24071D4F21AC7DC70012426F /* AddExercisesVC.swift */ = {isa = PBXFileReference; lastKnownFileType = sourcecode.swift; path = AddExercisesVC.swift; sourceTree = "<group>"; };
		243DCA0121AB5A44009EB608 /* full-workout.txt */ = {isa = PBXFileReference; fileEncoding = 4; lastKnownFileType = text; path = "full-workout.txt"; sourceTree = "<group>"; };
		243DCA0321AB5C5F009EB608 /* CellContent.swift */ = {isa = PBXFileReference; fileEncoding = 4; lastKnownFileType = sourcecode.swift; path = CellContent.swift; sourceTree = "<group>"; };
		244A015821AF2CF900DD004A /* UsefulFunctions.swift */ = {isa = PBXFileReference; lastKnownFileType = sourcecode.swift; path = UsefulFunctions.swift; sourceTree = "<group>"; };
		245A545521AE4C4F000AAE00 /* PublicWorkouts.plist */ = {isa = PBXFileReference; lastKnownFileType = text.plist.xml; path = PublicWorkouts.plist; sourceTree = "<group>"; };
		24AB61F521A4D27B00ACC513 /* iFlex-WORKING.app */ = {isa = PBXFileReference; explicitFileType = wrapper.application; includeInIndex = 0; path = "iFlex-WORKING.app"; sourceTree = BUILT_PRODUCTS_DIR; };
		24AB61F821A4D27B00ACC513 /* AppDelegate.swift */ = {isa = PBXFileReference; lastKnownFileType = sourcecode.swift; path = AppDelegate.swift; sourceTree = "<group>"; };
		24AB61FA21A4D27B00ACC513 /* ViewController.swift */ = {isa = PBXFileReference; lastKnownFileType = sourcecode.swift; path = ViewController.swift; sourceTree = "<group>"; };
		24AB61FF21A4D27C00ACC513 /* Assets.xcassets */ = {isa = PBXFileReference; lastKnownFileType = folder.assetcatalog; path = Assets.xcassets; sourceTree = "<group>"; };
		24AB620221A4D27C00ACC513 /* Base */ = {isa = PBXFileReference; lastKnownFileType = file.storyboard; name = Base; path = Base.lproj/LaunchScreen.storyboard; sourceTree = "<group>"; };
		24AB620421A4D27C00ACC513 /* Info.plist */ = {isa = PBXFileReference; lastKnownFileType = text.plist.xml; path = Info.plist; sourceTree = "<group>"; };
		24AB620921A4D27C00ACC513 /* iFlex-WORKINGTests.xctest */ = {isa = PBXFileReference; explicitFileType = wrapper.cfbundle; includeInIndex = 0; path = "iFlex-WORKINGTests.xctest"; sourceTree = BUILT_PRODUCTS_DIR; };
		24AB620D21A4D27C00ACC513 /* iFlex_WORKINGTests.swift */ = {isa = PBXFileReference; lastKnownFileType = sourcecode.swift; path = iFlex_WORKINGTests.swift; sourceTree = "<group>"; };
		24AB620F21A4D27C00ACC513 /* Info.plist */ = {isa = PBXFileReference; lastKnownFileType = text.plist.xml; path = Info.plist; sourceTree = "<group>"; };
		24AB621421A4D27C00ACC513 /* iFlex-WORKINGUITests.xctest */ = {isa = PBXFileReference; explicitFileType = wrapper.cfbundle; includeInIndex = 0; path = "iFlex-WORKINGUITests.xctest"; sourceTree = BUILT_PRODUCTS_DIR; };
		24AB621821A4D27C00ACC513 /* iFlex_WORKINGUITests.swift */ = {isa = PBXFileReference; lastKnownFileType = sourcecode.swift; path = iFlex_WORKINGUITests.swift; sourceTree = "<group>"; };
		24AB621A21A4D27C00ACC513 /* Info.plist */ = {isa = PBXFileReference; lastKnownFileType = text.plist.xml; path = Info.plist; sourceTree = "<group>"; };
		24AB622621A4D2B300ACC513 /* browseNowScreen.swift */ = {isa = PBXFileReference; fileEncoding = 4; lastKnownFileType = sourcecode.swift; path = browseNowScreen.swift; sourceTree = "<group>"; };
		24AB622821A4D2BA00ACC513 /* Exercise.swift */ = {isa = PBXFileReference; fileEncoding = 4; lastKnownFileType = sourcecode.swift; path = Exercise.swift; sourceTree = "<group>"; };
		24AB622A21A4D2C200ACC513 /* Favorites.plist */ = {isa = PBXFileReference; fileEncoding = 4; lastKnownFileType = text.plist.xml; path = Favorites.plist; sourceTree = "<group>"; };
		24AB622C21A4D2C800ACC513 /* favoritesScreen.swift */ = {isa = PBXFileReference; fileEncoding = 4; lastKnownFileType = sourcecode.swift; path = favoritesScreen.swift; sourceTree = "<group>"; };
		24AB622E21A4D2D300ACC513 /* LocalDataFunctions.swift */ = {isa = PBXFileReference; fileEncoding = 4; lastKnownFileType = sourcecode.swift; path = LocalDataFunctions.swift; sourceTree = "<group>"; };
		24AB623021A4D2D900ACC513 /* loginScreen.swift */ = {isa = PBXFileReference; fileEncoding = 4; lastKnownFileType = sourcecode.swift; path = loginScreen.swift; sourceTree = "<group>"; };
		24AB623221A4D2DF00ACC513 /* newUserScreen.swift */ = {isa = PBXFileReference; fileEncoding = 4; lastKnownFileType = sourcecode.swift; path = newUserScreen.swift; sourceTree = "<group>"; };
		24AB623421A4D2EA00ACC513 /* User.swift */ = {isa = PBXFileReference; fileEncoding = 4; lastKnownFileType = sourcecode.swift; path = User.swift; sourceTree = "<group>"; };
		24AB623621A4D30200ACC513 /* Workout.swift */ = {isa = PBXFileReference; fileEncoding = 4; lastKnownFileType = sourcecode.swift; path = Workout.swift; sourceTree = "<group>"; };
		24AB623821A4D31500ACC513 /* Main.storyboard */ = {isa = PBXFileReference; fileEncoding = 4; lastKnownFileType = file.storyboard; path = Main.storyboard; sourceTree = "<group>"; };
		24AB623C21A4D32200ACC513 /* createNewWorkout.storyboard */ = {isa = PBXFileReference; fileEncoding = 4; lastKnownFileType = file.storyboard; path = createNewWorkout.storyboard; sourceTree = "<group>"; };
		24AB623E21A4D32800ACC513 /* CreateNewViewController.swift */ = {isa = PBXFileReference; fileEncoding = 4; lastKnownFileType = sourcecode.swift; path = CreateNewViewController.swift; sourceTree = "<group>"; };
		47F9843CBCD1B42E955638D9 /* Pods-iFlex-WORKINGUITests.debug.xcconfig */ = {isa = PBXFileReference; includeInIndex = 1; lastKnownFileType = text.xcconfig; name = "Pods-iFlex-WORKINGUITests.debug.xcconfig"; path = "Pods/Target Support Files/Pods-iFlex-WORKINGUITests/Pods-iFlex-WORKINGUITests.debug.xcconfig"; sourceTree = "<group>"; };
		482A59A985B61D86CEFF82EB /* Pods_iFlex_WORKINGTests.framework */ = {isa = PBXFileReference; explicitFileType = wrapper.framework; includeInIndex = 0; path = Pods_iFlex_WORKINGTests.framework; sourceTree = BUILT_PRODUCTS_DIR; };
		4943C5361EC5A42BA3FA8FB8 /* Pods-iFlex-WORKING.release.xcconfig */ = {isa = PBXFileReference; includeInIndex = 1; lastKnownFileType = text.xcconfig; name = "Pods-iFlex-WORKING.release.xcconfig"; path = "Pods/Target Support Files/Pods-iFlex-WORKING/Pods-iFlex-WORKING.release.xcconfig"; sourceTree = "<group>"; };
		55B646CB2F1AACBD40C0A8B3 /* Pods-iFlex-WORKING.debug.xcconfig */ = {isa = PBXFileReference; includeInIndex = 1; lastKnownFileType = text.xcconfig; name = "Pods-iFlex-WORKING.debug.xcconfig"; path = "Pods/Target Support Files/Pods-iFlex-WORKING/Pods-iFlex-WORKING.debug.xcconfig"; sourceTree = "<group>"; };
		576AFBF3B0D258DD3C98CECD /* Pods-iFlex-WORKINGTests.debug.xcconfig */ = {isa = PBXFileReference; includeInIndex = 1; lastKnownFileType = text.xcconfig; name = "Pods-iFlex-WORKINGTests.debug.xcconfig"; path = "Pods/Target Support Files/Pods-iFlex-WORKINGTests/Pods-iFlex-WORKINGTests.debug.xcconfig"; sourceTree = "<group>"; };
		6897D8C121AFCCE10076F3EB /* FirebaseFunctions.swift */ = {isa = PBXFileReference; lastKnownFileType = sourcecode.swift; path = FirebaseFunctions.swift; sourceTree = "<group>"; };
		68CA30CC21B215520012796D /* profileScreen.swift */ = {isa = PBXFileReference; lastKnownFileType = sourcecode.swift; path = profileScreen.swift; sourceTree = "<group>"; };
		6B3DF5390BD0DBA5C7E99C65 /* Pods-iFlex-WORKINGUITests.release.xcconfig */ = {isa = PBXFileReference; includeInIndex = 1; lastKnownFileType = text.xcconfig; name = "Pods-iFlex-WORKINGUITests.release.xcconfig"; path = "Pods/Target Support Files/Pods-iFlex-WORKINGUITests/Pods-iFlex-WORKINGUITests.release.xcconfig"; sourceTree = "<group>"; };
		84D7DE545A0849E1E40CDDB2 /* Pods_iFlex_WORKING.framework */ = {isa = PBXFileReference; explicitFileType = wrapper.framework; includeInIndex = 0; path = Pods_iFlex_WORKING.framework; sourceTree = BUILT_PRODUCTS_DIR; };
		8806575E21AB96E00009EBE3 /* GoogleService-Info.plist */ = {isa = PBXFileReference; fileEncoding = 4; lastKnownFileType = text.plist.xml; path = "GoogleService-Info.plist"; sourceTree = "<group>"; };
		9F01E27921AFD8570066C698 /* FavoriteWorkoutVC.swift */ = {isa = PBXFileReference; lastKnownFileType = sourcecode.swift; path = FavoriteWorkoutVC.swift; sourceTree = "<group>"; };
		9F01E27B21AFD9700066C698 /* ExerciseVC.swift */ = {isa = PBXFileReference; lastKnownFileType = sourcecode.swift; path = ExerciseVC.swift; sourceTree = "<group>"; };
		9F01E27D21AFDB670066C698 /* WorkoutCell.swift */ = {isa = PBXFileReference; lastKnownFileType = sourcecode.swift; path = WorkoutCell.swift; sourceTree = "<group>"; };
		D473C32AC618954B2C073457 /* Pods-iFlex-WORKINGTests.release.xcconfig */ = {isa = PBXFileReference; includeInIndex = 1; lastKnownFileType = text.xcconfig; name = "Pods-iFlex-WORKINGTests.release.xcconfig"; path = "Pods/Target Support Files/Pods-iFlex-WORKINGTests/Pods-iFlex-WORKINGTests.release.xcconfig"; sourceTree = "<group>"; };
/* End PBXFileReference section */

/* Begin PBXFrameworksBuildPhase section */
		24AB61F221A4D27B00ACC513 /* Frameworks */ = {
			isa = PBXFrameworksBuildPhase;
			buildActionMask = 2147483647;
			files = (
				1B9A3DAB32AF6F92B4E02843 /* Pods_iFlex_WORKING.framework in Frameworks */,
			);
			runOnlyForDeploymentPostprocessing = 0;
		};
		24AB620621A4D27C00ACC513 /* Frameworks */ = {
			isa = PBXFrameworksBuildPhase;
			buildActionMask = 2147483647;
			files = (
				28910B46B3DA0866EFFE012C /* Pods_iFlex_WORKINGTests.framework in Frameworks */,
			);
			runOnlyForDeploymentPostprocessing = 0;
		};
		24AB621121A4D27C00ACC513 /* Frameworks */ = {
			isa = PBXFrameworksBuildPhase;
			buildActionMask = 2147483647;
			files = (
				4A0D8E6434584384B239DD43 /* Pods_iFlex_WORKINGUITests.framework in Frameworks */,
			);
			runOnlyForDeploymentPostprocessing = 0;
		};
/* End PBXFrameworksBuildPhase section */

/* Begin PBXGroup section */
		24AB61EC21A4D27B00ACC513 = {
			isa = PBXGroup;
			children = (
				24AB61F721A4D27B00ACC513 /* iFlex-WORKING */,
				24AB620C21A4D27C00ACC513 /* iFlex-WORKINGTests */,
				24AB621721A4D27C00ACC513 /* iFlex-WORKINGUITests */,
				24AB61F621A4D27B00ACC513 /* Products */,
				813000126C389A12ABBA3F6A /* Pods */,
				D8468485C309F493814F6D75 /* Frameworks */,
			);
			sourceTree = "<group>";
		};
		24AB61F621A4D27B00ACC513 /* Products */ = {
			isa = PBXGroup;
			children = (
				24AB61F521A4D27B00ACC513 /* iFlex-WORKING.app */,
				24AB620921A4D27C00ACC513 /* iFlex-WORKINGTests.xctest */,
				24AB621421A4D27C00ACC513 /* iFlex-WORKINGUITests.xctest */,
			);
			name = Products;
			sourceTree = "<group>";
		};
		24AB61F721A4D27B00ACC513 /* iFlex-WORKING */ = {
			isa = PBXGroup;
			children = (
				24AB622621A4D2B300ACC513 /* browseNowScreen.swift */,
				24AB61F821A4D27B00ACC513 /* AppDelegate.swift */,
				9F01E27921AFD8570066C698 /* FavoriteWorkoutVC.swift */,
				243DCA0321AB5C5F009EB608 /* CellContent.swift */,
				9F01E27D21AFDB670066C698 /* WorkoutCell.swift */,
				24AB622C21A4D2C800ACC513 /* favoritesScreen.swift */,
				24AB622E21A4D2D300ACC513 /* LocalDataFunctions.swift */,
				6897D8C121AFCCE10076F3EB /* FirebaseFunctions.swift */,
				244A015821AF2CF900DD004A /* UsefulFunctions.swift */,
				24AB623021A4D2D900ACC513 /* loginScreen.swift */,
				24AB623221A4D2DF00ACC513 /* newUserScreen.swift */,
				68CA30CC21B215520012796D /* profileScreen.swift */,
				24AB623421A4D2EA00ACC513 /* User.swift */,
				24AB622821A4D2BA00ACC513 /* Exercise.swift */,
				24AB623621A4D30200ACC513 /* Workout.swift */,
				24AB61FA21A4D27B00ACC513 /* ViewController.swift */,
				24AB623E21A4D32800ACC513 /* CreateNewViewController.swift */,
				24071D4F21AC7DC70012426F /* AddExercisesVC.swift */,
				9F01E27B21AFD9700066C698 /* ExerciseVC.swift */,
				243DCA0121AB5A44009EB608 /* full-workout.txt */,
				24AB620121A4D27C00ACC513 /* LaunchScreen.storyboard */,
				24AB623821A4D31500ACC513 /* Main.storyboard */,
				24071D4D21AC72310012426F /* TabBar.storyboard */,
				24AB623C21A4D32200ACC513 /* createNewWorkout.storyboard */,
				245A545521AE4C4F000AAE00 /* PublicWorkouts.plist */,
				24AB622A21A4D2C200ACC513 /* Favorites.plist */,
				24AB620421A4D27C00ACC513 /* Info.plist */,
				8806575E21AB96E00009EBE3 /* GoogleService-Info.plist */,
				24AB61FF21A4D27C00ACC513 /* Assets.xcassets */,
			);
			path = "iFlex-WORKING";
			sourceTree = "<group>";
		};
		24AB620C21A4D27C00ACC513 /* iFlex-WORKINGTests */ = {
			isa = PBXGroup;
			children = (
				24AB620D21A4D27C00ACC513 /* iFlex_WORKINGTests.swift */,
				24AB620F21A4D27C00ACC513 /* Info.plist */,
			);
			path = "iFlex-WORKINGTests";
			sourceTree = "<group>";
		};
		24AB621721A4D27C00ACC513 /* iFlex-WORKINGUITests */ = {
			isa = PBXGroup;
			children = (
				24AB621821A4D27C00ACC513 /* iFlex_WORKINGUITests.swift */,
				24AB621A21A4D27C00ACC513 /* Info.plist */,
			);
			path = "iFlex-WORKINGUITests";
			sourceTree = "<group>";
		};
		813000126C389A12ABBA3F6A /* Pods */ = {
			isa = PBXGroup;
			children = (
				55B646CB2F1AACBD40C0A8B3 /* Pods-iFlex-WORKING.debug.xcconfig */,
				4943C5361EC5A42BA3FA8FB8 /* Pods-iFlex-WORKING.release.xcconfig */,
				576AFBF3B0D258DD3C98CECD /* Pods-iFlex-WORKINGTests.debug.xcconfig */,
				D473C32AC618954B2C073457 /* Pods-iFlex-WORKINGTests.release.xcconfig */,
				47F9843CBCD1B42E955638D9 /* Pods-iFlex-WORKINGUITests.debug.xcconfig */,
				6B3DF5390BD0DBA5C7E99C65 /* Pods-iFlex-WORKINGUITests.release.xcconfig */,
			);
			name = Pods;
			sourceTree = "<group>";
		};
		D8468485C309F493814F6D75 /* Frameworks */ = {
			isa = PBXGroup;
			children = (
				84D7DE545A0849E1E40CDDB2 /* Pods_iFlex_WORKING.framework */,
				482A59A985B61D86CEFF82EB /* Pods_iFlex_WORKINGTests.framework */,
				015CB8447F05136B7174D0EE /* Pods_iFlex_WORKINGUITests.framework */,
			);
			name = Frameworks;
			sourceTree = "<group>";
		};
/* End PBXGroup section */

/* Begin PBXNativeTarget section */
		24AB61F421A4D27B00ACC513 /* iFlex-WORKING */ = {
			isa = PBXNativeTarget;
			buildConfigurationList = 24AB621D21A4D27C00ACC513 /* Build configuration list for PBXNativeTarget "iFlex-WORKING" */;
			buildPhases = (
				531D9BFDDEF94B37903D7F93 /* [CP] Check Pods Manifest.lock */,
				24AB61F121A4D27B00ACC513 /* Sources */,
				24AB61F221A4D27B00ACC513 /* Frameworks */,
				24AB61F321A4D27B00ACC513 /* Resources */,
				0321A2FB603875526B1395DF /* [CP] Embed Pods Frameworks */,
			);
			buildRules = (
			);
			dependencies = (
			);
			name = "iFlex-WORKING";
			productName = "iFlex-WORKING";
			productReference = 24AB61F521A4D27B00ACC513 /* iFlex-WORKING.app */;
			productType = "com.apple.product-type.application";
		};
		24AB620821A4D27C00ACC513 /* iFlex-WORKINGTests */ = {
			isa = PBXNativeTarget;
			buildConfigurationList = 24AB622021A4D27C00ACC513 /* Build configuration list for PBXNativeTarget "iFlex-WORKINGTests" */;
			buildPhases = (
				68A32270364E2554C0A34427 /* [CP] Check Pods Manifest.lock */,
				24AB620521A4D27C00ACC513 /* Sources */,
				24AB620621A4D27C00ACC513 /* Frameworks */,
				24AB620721A4D27C00ACC513 /* Resources */,
			);
			buildRules = (
			);
			dependencies = (
				24AB620B21A4D27C00ACC513 /* PBXTargetDependency */,
			);
			name = "iFlex-WORKINGTests";
			productName = "iFlex-WORKINGTests";
			productReference = 24AB620921A4D27C00ACC513 /* iFlex-WORKINGTests.xctest */;
			productType = "com.apple.product-type.bundle.unit-test";
		};
		24AB621321A4D27C00ACC513 /* iFlex-WORKINGUITests */ = {
			isa = PBXNativeTarget;
			buildConfigurationList = 24AB622321A4D27C00ACC513 /* Build configuration list for PBXNativeTarget "iFlex-WORKINGUITests" */;
			buildPhases = (
				D63F1BF69834D498950893B0 /* [CP] Check Pods Manifest.lock */,
				24AB621021A4D27C00ACC513 /* Sources */,
				24AB621121A4D27C00ACC513 /* Frameworks */,
				24AB621221A4D27C00ACC513 /* Resources */,
			);
			buildRules = (
			);
			dependencies = (
				24AB621621A4D27C00ACC513 /* PBXTargetDependency */,
			);
			name = "iFlex-WORKINGUITests";
			productName = "iFlex-WORKINGUITests";
			productReference = 24AB621421A4D27C00ACC513 /* iFlex-WORKINGUITests.xctest */;
			productType = "com.apple.product-type.bundle.ui-testing";
		};
/* End PBXNativeTarget section */

/* Begin PBXProject section */
		24AB61ED21A4D27B00ACC513 /* Project object */ = {
			isa = PBXProject;
			attributes = {
				LastSwiftUpdateCheck = 0940;
				LastUpgradeCheck = 0940;
				ORGANIZATIONNAME = "Kendra Swanson";
				TargetAttributes = {
					24AB61F421A4D27B00ACC513 = {
						CreatedOnToolsVersion = 9.4;
					};
					24AB620821A4D27C00ACC513 = {
						CreatedOnToolsVersion = 9.4;
						TestTargetID = 24AB61F421A4D27B00ACC513;
					};
					24AB621321A4D27C00ACC513 = {
						CreatedOnToolsVersion = 9.4;
						TestTargetID = 24AB61F421A4D27B00ACC513;
					};
				};
			};
			buildConfigurationList = 24AB61F021A4D27B00ACC513 /* Build configuration list for PBXProject "iFlex-WORKING" */;
			compatibilityVersion = "Xcode 9.3";
			developmentRegion = en;
			hasScannedForEncodings = 0;
			knownRegions = (
				en,
				Base,
			);
			mainGroup = 24AB61EC21A4D27B00ACC513;
			productRefGroup = 24AB61F621A4D27B00ACC513 /* Products */;
			projectDirPath = "";
			projectRoot = "";
			targets = (
				24AB61F421A4D27B00ACC513 /* iFlex-WORKING */,
				24AB620821A4D27C00ACC513 /* iFlex-WORKINGTests */,
				24AB621321A4D27C00ACC513 /* iFlex-WORKINGUITests */,
			);
		};
/* End PBXProject section */

/* Begin PBXResourcesBuildPhase section */
		24AB61F321A4D27B00ACC513 /* Resources */ = {
			isa = PBXResourcesBuildPhase;
			buildActionMask = 2147483647;
			files = (
				24071D4E21AC72310012426F /* TabBar.storyboard in Resources */,
				24AB622B21A4D2C200ACC513 /* Favorites.plist in Resources */,
				24AB620321A4D27C00ACC513 /* LaunchScreen.storyboard in Resources */,
				8806575F21AB96E00009EBE3 /* GoogleService-Info.plist in Resources */,
				245A545621AE4C4F000AAE00 /* PublicWorkouts.plist in Resources */,
				24AB620021A4D27C00ACC513 /* Assets.xcassets in Resources */,
				243DCA0221AB5A44009EB608 /* full-workout.txt in Resources */,
				24AB623D21A4D32300ACC513 /* createNewWorkout.storyboard in Resources */,
				24AB623921A4D31500ACC513 /* Main.storyboard in Resources */,
			);
			runOnlyForDeploymentPostprocessing = 0;
		};
		24AB620721A4D27C00ACC513 /* Resources */ = {
			isa = PBXResourcesBuildPhase;
			buildActionMask = 2147483647;
			files = (
				8806576021AB96E00009EBE3 /* GoogleService-Info.plist in Resources */,
			);
			runOnlyForDeploymentPostprocessing = 0;
		};
		24AB621221A4D27C00ACC513 /* Resources */ = {
			isa = PBXResourcesBuildPhase;
			buildActionMask = 2147483647;
			files = (
				8806576121AB96E00009EBE3 /* GoogleService-Info.plist in Resources */,
			);
			runOnlyForDeploymentPostprocessing = 0;
		};
/* End PBXResourcesBuildPhase section */

/* Begin PBXShellScriptBuildPhase section */
		0321A2FB603875526B1395DF /* [CP] Embed Pods Frameworks */ = {
			isa = PBXShellScriptBuildPhase;
			buildActionMask = 2147483647;
			files = (
			);
			inputPaths = (
				"${SRCROOT}/Pods/Target Support Files/Pods-iFlex-WORKING/Pods-iFlex-WORKING-frameworks.sh",
				"${BUILT_PRODUCTS_DIR}/GTMSessionFetcher/GTMSessionFetcher.framework",
				"${BUILT_PRODUCTS_DIR}/GoogleUtilities/GoogleUtilities.framework",
				"${BUILT_PRODUCTS_DIR}/leveldb-library/leveldb.framework",
				"${BUILT_PRODUCTS_DIR}/nanopb/nanopb.framework",
			);
			name = "[CP] Embed Pods Frameworks";
			outputPaths = (
				"${TARGET_BUILD_DIR}/${FRAMEWORKS_FOLDER_PATH}/GTMSessionFetcher.framework",
				"${TARGET_BUILD_DIR}/${FRAMEWORKS_FOLDER_PATH}/GoogleUtilities.framework",
				"${TARGET_BUILD_DIR}/${FRAMEWORKS_FOLDER_PATH}/leveldb.framework",
				"${TARGET_BUILD_DIR}/${FRAMEWORKS_FOLDER_PATH}/nanopb.framework",
			);
			runOnlyForDeploymentPostprocessing = 0;
			shellPath = /bin/sh;
			shellScript = "\"${SRCROOT}/Pods/Target Support Files/Pods-iFlex-WORKING/Pods-iFlex-WORKING-frameworks.sh\"\n";
			showEnvVarsInLog = 0;
		};
		531D9BFDDEF94B37903D7F93 /* [CP] Check Pods Manifest.lock */ = {
			isa = PBXShellScriptBuildPhase;
			buildActionMask = 2147483647;
			files = (
			);
			inputPaths = (
				"${PODS_PODFILE_DIR_PATH}/Podfile.lock",
				"${PODS_ROOT}/Manifest.lock",
			);
			name = "[CP] Check Pods Manifest.lock";
			outputPaths = (
				"$(DERIVED_FILE_DIR)/Pods-iFlex-WORKING-checkManifestLockResult.txt",
			);
			runOnlyForDeploymentPostprocessing = 0;
			shellPath = /bin/sh;
			shellScript = "diff \"${PODS_PODFILE_DIR_PATH}/Podfile.lock\" \"${PODS_ROOT}/Manifest.lock\" > /dev/null\nif [ $? != 0 ] ; then\n    # print error to STDERR\n    echo \"error: The sandbox is not in sync with the Podfile.lock. Run 'pod install' or update your CocoaPods installation.\" >&2\n    exit 1\nfi\n# This output is used by Xcode 'outputs' to avoid re-running this script phase.\necho \"SUCCESS\" > \"${SCRIPT_OUTPUT_FILE_0}\"\n";
			showEnvVarsInLog = 0;
		};
		68A32270364E2554C0A34427 /* [CP] Check Pods Manifest.lock */ = {
			isa = PBXShellScriptBuildPhase;
			buildActionMask = 2147483647;
			files = (
			);
			inputPaths = (
				"${PODS_PODFILE_DIR_PATH}/Podfile.lock",
				"${PODS_ROOT}/Manifest.lock",
			);
			name = "[CP] Check Pods Manifest.lock";
			outputPaths = (
				"$(DERIVED_FILE_DIR)/Pods-iFlex-WORKINGTests-checkManifestLockResult.txt",
			);
			runOnlyForDeploymentPostprocessing = 0;
			shellPath = /bin/sh;
			shellScript = "diff \"${PODS_PODFILE_DIR_PATH}/Podfile.lock\" \"${PODS_ROOT}/Manifest.lock\" > /dev/null\nif [ $? != 0 ] ; then\n    # print error to STDERR\n    echo \"error: The sandbox is not in sync with the Podfile.lock. Run 'pod install' or update your CocoaPods installation.\" >&2\n    exit 1\nfi\n# This output is used by Xcode 'outputs' to avoid re-running this script phase.\necho \"SUCCESS\" > \"${SCRIPT_OUTPUT_FILE_0}\"\n";
			showEnvVarsInLog = 0;
		};
		D63F1BF69834D498950893B0 /* [CP] Check Pods Manifest.lock */ = {
			isa = PBXShellScriptBuildPhase;
			buildActionMask = 2147483647;
			files = (
			);
			inputPaths = (
				"${PODS_PODFILE_DIR_PATH}/Podfile.lock",
				"${PODS_ROOT}/Manifest.lock",
			);
			name = "[CP] Check Pods Manifest.lock";
			outputPaths = (
				"$(DERIVED_FILE_DIR)/Pods-iFlex-WORKINGUITests-checkManifestLockResult.txt",
			);
			runOnlyForDeploymentPostprocessing = 0;
			shellPath = /bin/sh;
			shellScript = "diff \"${PODS_PODFILE_DIR_PATH}/Podfile.lock\" \"${PODS_ROOT}/Manifest.lock\" > /dev/null\nif [ $? != 0 ] ; then\n    # print error to STDERR\n    echo \"error: The sandbox is not in sync with the Podfile.lock. Run 'pod install' or update your CocoaPods installation.\" >&2\n    exit 1\nfi\n# This output is used by Xcode 'outputs' to avoid re-running this script phase.\necho \"SUCCESS\" > \"${SCRIPT_OUTPUT_FILE_0}\"\n";
			showEnvVarsInLog = 0;
		};
/* End PBXShellScriptBuildPhase section */

/* Begin PBXSourcesBuildPhase section */
		24AB61F121A4D27B00ACC513 /* Sources */ = {
			isa = PBXSourcesBuildPhase;
			buildActionMask = 2147483647;
			files = (
				24AB61FB21A4D27B00ACC513 /* ViewController.swift in Sources */,
				24AB622921A4D2BA00ACC513 /* Exercise.swift in Sources */,
				24071D5021AC7DC70012426F /* AddExercisesVC.swift in Sources */,
				24AB61F921A4D27B00ACC513 /* AppDelegate.swift in Sources */,
				24AB623721A4D30200ACC513 /* Workout.swift in Sources */,
				9F01E27C21AFD9700066C698 /* ExerciseVC.swift in Sources */,
				24AB622F21A4D2D300ACC513 /* LocalDataFunctions.swift in Sources */,
				9F01E27A21AFD8570066C698 /* FavoriteWorkoutVC.swift in Sources */,
				24AB622721A4D2B300ACC513 /* browseNowScreen.swift in Sources */,
				9F01E27E21AFDB670066C698 /* WorkoutCell.swift in Sources */,
				24AB623521A4D2EA00ACC513 /* User.swift in Sources */,
				24AB622D21A4D2C800ACC513 /* favoritesScreen.swift in Sources */,
				24AB623121A4D2D900ACC513 /* loginScreen.swift in Sources */,
				24AB623321A4D2DF00ACC513 /* newUserScreen.swift in Sources */,
				6897D8C221AFCCE10076F3EB /* FirebaseFunctions.swift in Sources */,
				24AB623F21A4D32900ACC513 /* CreateNewViewController.swift in Sources */,
				244A015921AF2CF900DD004A /* UsefulFunctions.swift in Sources */,
				243DCA0421AB5C60009EB608 /* CellContent.swift in Sources */,
				68CA30CD21B215520012796D /* profileScreen.swift in Sources */,
			);
			runOnlyForDeploymentPostprocessing = 0;
		};
		24AB620521A4D27C00ACC513 /* Sources */ = {
			isa = PBXSourcesBuildPhase;
			buildActionMask = 2147483647;
			files = (
				24AB620E21A4D27C00ACC513 /* iFlex_WORKINGTests.swift in Sources */,
				68CA30CE21B215520012796D /* profileScreen.swift in Sources */,
			);
			runOnlyForDeploymentPostprocessing = 0;
		};
		24AB621021A4D27C00ACC513 /* Sources */ = {
			isa = PBXSourcesBuildPhase;
			buildActionMask = 2147483647;
			files = (
				24AB621921A4D27C00ACC513 /* iFlex_WORKINGUITests.swift in Sources */,
				68CA30CF21B215520012796D /* profileScreen.swift in Sources */,
			);
			runOnlyForDeploymentPostprocessing = 0;
		};
/* End PBXSourcesBuildPhase section */

/* Begin PBXTargetDependency section */
		24AB620B21A4D27C00ACC513 /* PBXTargetDependency */ = {
			isa = PBXTargetDependency;
			target = 24AB61F421A4D27B00ACC513 /* iFlex-WORKING */;
			targetProxy = 24AB620A21A4D27C00ACC513 /* PBXContainerItemProxy */;
		};
		24AB621621A4D27C00ACC513 /* PBXTargetDependency */ = {
			isa = PBXTargetDependency;
			target = 24AB61F421A4D27B00ACC513 /* iFlex-WORKING */;
			targetProxy = 24AB621521A4D27C00ACC513 /* PBXContainerItemProxy */;
		};
/* End PBXTargetDependency section */

/* Begin PBXVariantGroup section */
		24AB620121A4D27C00ACC513 /* LaunchScreen.storyboard */ = {
			isa = PBXVariantGroup;
			children = (
				24AB620221A4D27C00ACC513 /* Base */,
			);
			name = LaunchScreen.storyboard;
			sourceTree = "<group>";
		};
/* End PBXVariantGroup section */

/* Begin XCBuildConfiguration section */
		24AB621B21A4D27C00ACC513 /* Debug */ = {
			isa = XCBuildConfiguration;
			buildSettings = {
				ALWAYS_SEARCH_USER_PATHS = NO;
				CLANG_ANALYZER_NONNULL = YES;
				CLANG_ANALYZER_NUMBER_OBJECT_CONVERSION = YES_AGGRESSIVE;
				CLANG_CXX_LANGUAGE_STANDARD = "gnu++14";
				CLANG_CXX_LIBRARY = "libc++";
				CLANG_ENABLE_MODULES = YES;
				CLANG_ENABLE_OBJC_ARC = YES;
				CLANG_ENABLE_OBJC_WEAK = YES;
				CLANG_WARN_BLOCK_CAPTURE_AUTORELEASING = YES;
				CLANG_WARN_BOOL_CONVERSION = YES;
				CLANG_WARN_COMMA = YES;
				CLANG_WARN_CONSTANT_CONVERSION = YES;
				CLANG_WARN_DEPRECATED_OBJC_IMPLEMENTATIONS = YES;
				CLANG_WARN_DIRECT_OBJC_ISA_USAGE = YES_ERROR;
				CLANG_WARN_DOCUMENTATION_COMMENTS = YES;
				CLANG_WARN_EMPTY_BODY = YES;
				CLANG_WARN_ENUM_CONVERSION = YES;
				CLANG_WARN_INFINITE_RECURSION = YES;
				CLANG_WARN_INT_CONVERSION = YES;
				CLANG_WARN_NON_LITERAL_NULL_CONVERSION = YES;
				CLANG_WARN_OBJC_IMPLICIT_RETAIN_SELF = YES;
				CLANG_WARN_OBJC_LITERAL_CONVERSION = YES;
				CLANG_WARN_OBJC_ROOT_CLASS = YES_ERROR;
				CLANG_WARN_RANGE_LOOP_ANALYSIS = YES;
				CLANG_WARN_STRICT_PROTOTYPES = YES;
				CLANG_WARN_SUSPICIOUS_MOVE = YES;
				CLANG_WARN_UNGUARDED_AVAILABILITY = YES_AGGRESSIVE;
				CLANG_WARN_UNREACHABLE_CODE = YES;
				CLANG_WARN__DUPLICATE_METHOD_MATCH = YES;
				CODE_SIGN_IDENTITY = "iPhone Developer";
				COPY_PHASE_STRIP = NO;
				DEBUG_INFORMATION_FORMAT = dwarf;
				ENABLE_STRICT_OBJC_MSGSEND = YES;
				ENABLE_TESTABILITY = YES;
				GCC_C_LANGUAGE_STANDARD = gnu11;
				GCC_DYNAMIC_NO_PIC = NO;
				GCC_NO_COMMON_BLOCKS = YES;
				GCC_OPTIMIZATION_LEVEL = 0;
				GCC_PREPROCESSOR_DEFINITIONS = (
					"DEBUG=1",
					"$(inherited)",
				);
				GCC_WARN_64_TO_32_BIT_CONVERSION = YES;
				GCC_WARN_ABOUT_RETURN_TYPE = YES_ERROR;
				GCC_WARN_UNDECLARED_SELECTOR = YES;
				GCC_WARN_UNINITIALIZED_AUTOS = YES_AGGRESSIVE;
				GCC_WARN_UNUSED_FUNCTION = YES;
				GCC_WARN_UNUSED_VARIABLE = YES;
				IPHONEOS_DEPLOYMENT_TARGET = 11.4;
				MTL_ENABLE_DEBUG_INFO = YES;
				ONLY_ACTIVE_ARCH = YES;
				SDKROOT = iphoneos;
				SWIFT_ACTIVE_COMPILATION_CONDITIONS = DEBUG;
				SWIFT_OPTIMIZATION_LEVEL = "-Onone";
			};
			name = Debug;
		};
		24AB621C21A4D27C00ACC513 /* Release */ = {
			isa = XCBuildConfiguration;
			buildSettings = {
				ALWAYS_SEARCH_USER_PATHS = NO;
				CLANG_ANALYZER_NONNULL = YES;
				CLANG_ANALYZER_NUMBER_OBJECT_CONVERSION = YES_AGGRESSIVE;
				CLANG_CXX_LANGUAGE_STANDARD = "gnu++14";
				CLANG_CXX_LIBRARY = "libc++";
				CLANG_ENABLE_MODULES = YES;
				CLANG_ENABLE_OBJC_ARC = YES;
				CLANG_ENABLE_OBJC_WEAK = YES;
				CLANG_WARN_BLOCK_CAPTURE_AUTORELEASING = YES;
				CLANG_WARN_BOOL_CONVERSION = YES;
				CLANG_WARN_COMMA = YES;
				CLANG_WARN_CONSTANT_CONVERSION = YES;
				CLANG_WARN_DEPRECATED_OBJC_IMPLEMENTATIONS = YES;
				CLANG_WARN_DIRECT_OBJC_ISA_USAGE = YES_ERROR;
				CLANG_WARN_DOCUMENTATION_COMMENTS = YES;
				CLANG_WARN_EMPTY_BODY = YES;
				CLANG_WARN_ENUM_CONVERSION = YES;
				CLANG_WARN_INFINITE_RECURSION = YES;
				CLANG_WARN_INT_CONVERSION = YES;
				CLANG_WARN_NON_LITERAL_NULL_CONVERSION = YES;
				CLANG_WARN_OBJC_IMPLICIT_RETAIN_SELF = YES;
				CLANG_WARN_OBJC_LITERAL_CONVERSION = YES;
				CLANG_WARN_OBJC_ROOT_CLASS = YES_ERROR;
				CLANG_WARN_RANGE_LOOP_ANALYSIS = YES;
				CLANG_WARN_STRICT_PROTOTYPES = YES;
				CLANG_WARN_SUSPICIOUS_MOVE = YES;
				CLANG_WARN_UNGUARDED_AVAILABILITY = YES_AGGRESSIVE;
				CLANG_WARN_UNREACHABLE_CODE = YES;
				CLANG_WARN__DUPLICATE_METHOD_MATCH = YES;
				CODE_SIGN_IDENTITY = "iPhone Developer";
				COPY_PHASE_STRIP = NO;
				DEBUG_INFORMATION_FORMAT = "dwarf-with-dsym";
				ENABLE_NS_ASSERTIONS = NO;
				ENABLE_STRICT_OBJC_MSGSEND = YES;
				GCC_C_LANGUAGE_STANDARD = gnu11;
				GCC_NO_COMMON_BLOCKS = YES;
				GCC_WARN_64_TO_32_BIT_CONVERSION = YES;
				GCC_WARN_ABOUT_RETURN_TYPE = YES_ERROR;
				GCC_WARN_UNDECLARED_SELECTOR = YES;
				GCC_WARN_UNINITIALIZED_AUTOS = YES_AGGRESSIVE;
				GCC_WARN_UNUSED_FUNCTION = YES;
				GCC_WARN_UNUSED_VARIABLE = YES;
				IPHONEOS_DEPLOYMENT_TARGET = 11.4;
				MTL_ENABLE_DEBUG_INFO = NO;
				SDKROOT = iphoneos;
				SWIFT_COMPILATION_MODE = wholemodule;
				SWIFT_OPTIMIZATION_LEVEL = "-O";
				VALIDATE_PRODUCT = YES;
			};
			name = Release;
		};
		24AB621E21A4D27C00ACC513 /* Debug */ = {
			isa = XCBuildConfiguration;
			baseConfigurationReference = 55B646CB2F1AACBD40C0A8B3 /* Pods-iFlex-WORKING.debug.xcconfig */;
			buildSettings = {
				ASSETCATALOG_COMPILER_APPICON_NAME = AppIcon;
				CODE_SIGN_STYLE = Automatic;
				INFOPLIST_FILE = "iFlex-WORKING/Info.plist";
				LD_RUNPATH_SEARCH_PATHS = (
					"$(inherited)",
					"@executable_path/Frameworks",
				);
				PRODUCT_BUNDLE_IDENTIFIER = "ks2018.iFlex-WORKING";
				PRODUCT_NAME = "$(TARGET_NAME)";
				SWIFT_VERSION = 4.0;
				TARGETED_DEVICE_FAMILY = "1,2";
			};
			name = Debug;
		};
		24AB621F21A4D27C00ACC513 /* Release */ = {
			isa = XCBuildConfiguration;
			baseConfigurationReference = 4943C5361EC5A42BA3FA8FB8 /* Pods-iFlex-WORKING.release.xcconfig */;
			buildSettings = {
				ASSETCATALOG_COMPILER_APPICON_NAME = AppIcon;
				CODE_SIGN_STYLE = Automatic;
				INFOPLIST_FILE = "iFlex-WORKING/Info.plist";
				LD_RUNPATH_SEARCH_PATHS = (
					"$(inherited)",
					"@executable_path/Frameworks",
				);
				PRODUCT_BUNDLE_IDENTIFIER = "ks2018.iFlex-WORKING";
				PRODUCT_NAME = "$(TARGET_NAME)";
				SWIFT_VERSION = 4.0;
				TARGETED_DEVICE_FAMILY = "1,2";
			};
			name = Release;
		};
		24AB622121A4D27C00ACC513 /* Debug */ = {
			isa = XCBuildConfiguration;
			baseConfigurationReference = 576AFBF3B0D258DD3C98CECD /* Pods-iFlex-WORKINGTests.debug.xcconfig */;
			buildSettings = {
				ALWAYS_EMBED_SWIFT_STANDARD_LIBRARIES = YES;
				BUNDLE_LOADER = "$(TEST_HOST)";
				CODE_SIGN_STYLE = Automatic;
				INFOPLIST_FILE = "iFlex-WORKINGTests/Info.plist";
				LD_RUNPATH_SEARCH_PATHS = (
					"$(inherited)",
					"@executable_path/Frameworks",
					"@loader_path/Frameworks",
				);
				PRODUCT_BUNDLE_IDENTIFIER = "ks2018.iFlex-WORKINGTests";
				PRODUCT_NAME = "$(TARGET_NAME)";
				SWIFT_VERSION = 4.0;
				TARGETED_DEVICE_FAMILY = "1,2";
				TEST_HOST = "$(BUILT_PRODUCTS_DIR)/iFlex-WORKING.app/iFlex-WORKING";
			};
			name = Debug;
		};
		24AB622221A4D27C00ACC513 /* Release */ = {
			isa = XCBuildConfiguration;
			baseConfigurationReference = D473C32AC618954B2C073457 /* Pods-iFlex-WORKINGTests.release.xcconfig */;
			buildSettings = {
				ALWAYS_EMBED_SWIFT_STANDARD_LIBRARIES = YES;
				BUNDLE_LOADER = "$(TEST_HOST)";
				CODE_SIGN_STYLE = Automatic;
				INFOPLIST_FILE = "iFlex-WORKINGTests/Info.plist";
				LD_RUNPATH_SEARCH_PATHS = (
					"$(inherited)",
					"@executable_path/Frameworks",
					"@loader_path/Frameworks",
				);
				PRODUCT_BUNDLE_IDENTIFIER = "ks2018.iFlex-WORKINGTests";
				PRODUCT_NAME = "$(TARGET_NAME)";
				SWIFT_VERSION = 4.0;
				TARGETED_DEVICE_FAMILY = "1,2";
				TEST_HOST = "$(BUILT_PRODUCTS_DIR)/iFlex-WORKING.app/iFlex-WORKING";
			};
			name = Release;
		};
		24AB622421A4D27C00ACC513 /* Debug */ = {
			isa = XCBuildConfiguration;
			baseConfigurationReference = 47F9843CBCD1B42E955638D9 /* Pods-iFlex-WORKINGUITests.debug.xcconfig */;
			buildSettings = {
				ALWAYS_EMBED_SWIFT_STANDARD_LIBRARIES = YES;
				CODE_SIGN_STYLE = Automatic;
				INFOPLIST_FILE = "iFlex-WORKINGUITests/Info.plist";
				LD_RUNPATH_SEARCH_PATHS = (
					"$(inherited)",
					"@executable_path/Frameworks",
					"@loader_path/Frameworks",
				);
				PRODUCT_BUNDLE_IDENTIFIER = "ks2018.iFlex-WORKINGUITests";
				PRODUCT_NAME = "$(TARGET_NAME)";
				SWIFT_VERSION = 4.0;
				TARGETED_DEVICE_FAMILY = "1,2";
				TEST_TARGET_NAME = "iFlex-WORKING";
			};
			name = Debug;
		};
		24AB622521A4D27C00ACC513 /* Release */ = {
			isa = XCBuildConfiguration;
			baseConfigurationReference = 6B3DF5390BD0DBA5C7E99C65 /* Pods-iFlex-WORKINGUITests.release.xcconfig */;
			buildSettings = {
				ALWAYS_EMBED_SWIFT_STANDARD_LIBRARIES = YES;
				CODE_SIGN_STYLE = Automatic;
				INFOPLIST_FILE = "iFlex-WORKINGUITests/Info.plist";
				LD_RUNPATH_SEARCH_PATHS = (
					"$(inherited)",
					"@executable_path/Frameworks",
					"@loader_path/Frameworks",
				);
				PRODUCT_BUNDLE_IDENTIFIER = "ks2018.iFlex-WORKINGUITests";
				PRODUCT_NAME = "$(TARGET_NAME)";
				SWIFT_VERSION = 4.0;
				TARGETED_DEVICE_FAMILY = "1,2";
				TEST_TARGET_NAME = "iFlex-WORKING";
			};
			name = Release;
		};
/* End XCBuildConfiguration section */

/* Begin XCConfigurationList section */
		24AB61F021A4D27B00ACC513 /* Build configuration list for PBXProject "iFlex-WORKING" */ = {
			isa = XCConfigurationList;
			buildConfigurations = (
				24AB621B21A4D27C00ACC513 /* Debug */,
				24AB621C21A4D27C00ACC513 /* Release */,
			);
			defaultConfigurationIsVisible = 0;
			defaultConfigurationName = Release;
		};
		24AB621D21A4D27C00ACC513 /* Build configuration list for PBXNativeTarget "iFlex-WORKING" */ = {
			isa = XCConfigurationList;
			buildConfigurations = (
				24AB621E21A4D27C00ACC513 /* Debug */,
				24AB621F21A4D27C00ACC513 /* Release */,
			);
			defaultConfigurationIsVisible = 0;
			defaultConfigurationName = Release;
		};
		24AB622021A4D27C00ACC513 /* Build configuration list for PBXNativeTarget "iFlex-WORKINGTests" */ = {
			isa = XCConfigurationList;
			buildConfigurations = (
				24AB622121A4D27C00ACC513 /* Debug */,
				24AB622221A4D27C00ACC513 /* Release */,
			);
			defaultConfigurationIsVisible = 0;
			defaultConfigurationName = Release;
		};
		24AB622321A4D27C00ACC513 /* Build configuration list for PBXNativeTarget "iFlex-WORKINGUITests" */ = {
			isa = XCConfigurationList;
			buildConfigurations = (
				24AB622421A4D27C00ACC513 /* Debug */,
				24AB622521A4D27C00ACC513 /* Release */,
			);
			defaultConfigurationIsVisible = 0;
			defaultConfigurationName = Release;
		};
/* End XCConfigurationList section */
	};
	rootObject = 24AB61ED21A4D27B00ACC513 /* Project object */;
}
